
Microsoft Visual Studio Solution File, Format Version 12.00
# Visual Studio Version 16
VisualStudioVersion = 16.0.31515.178
MinimumVisualStudioVersion = 10.0.40219.1
Project("{FAE04EC0-301F-11D3-BF4B-00C04F79EFBC}") = "3dArray", "3dArray.csproj", "{E741D053-0600-45FE-9220-EB61FF0B3DF0}"
EndProject
Global
	GlobalSection(SolutionConfigurationPlatforms) = preSolution
		Debug|Any CPU = Debug|Any CPU
		Release|Any CPU = Release|Any CPU
	EndGlobalSection
	GlobalSection(ProjectConfigurationPlatforms) = postSolution
		{E741D053-0600-45FE-9220-EB61FF0B3DF0}.Debug|Any CPU.ActiveCfg = Debug|Any CPU
		{E741D053-0600-45FE-9220-EB61FF0B3DF0}.Debug|Any CPU.Build.0 = Debug|Any CPU
		{E741D053-0600-45FE-9220-EB61FF0B3DF0}.Release|Any CPU.ActiveCfg = Release|Any CPU
		{E741D053-0600-45FE-9220-EB61FF0B3DF0}.Release|Any CPU.Build.0 = Release|Any CPU
	EndGlobalSection
	GlobalSection(SolutionProperties) = preSolution
		HideSolutionNode = FALSE
	EndGlobalSection
	GlobalSection(ExtensibilityGlobals) = postSolution
		SolutionGuid = {8856D697-C4B1-4273-BECA-91E5326F5F53}
	EndGlobalSection
EndGlobal
